// !$*UTF8*$!
{
	archiveVersion = 1;
	classes = {
	};
	objectVersion = 46;
	objects = {

/* Begin PBXBuildFile section */
		2299FBEBD225321235DD3CDB /* Pods_Rio.framework in Frameworks */ = {isa = PBXBuildFile; fileRef = 0C6760CE2867D028ACF14C11 /* Pods_Rio.framework */; };
		5C22E4F31D53C71E00D2828F /* AppDelegate.swift in Sources */ = {isa = PBXBuildFile; fileRef = 5C22E4F21D53C71E00D2828F /* AppDelegate.swift */; };
		5C22E4FA1D53C71E00D2828F /* Assets.xcassets in Resources */ = {isa = PBXBuildFile; fileRef = 5C22E4F91D53C71E00D2828F /* Assets.xcassets */; };
		5C22E4FD1D53C71E00D2828F /* LaunchScreen.storyboard in Resources */ = {isa = PBXBuildFile; fileRef = 5C22E4FB1D53C71E00D2828F /* LaunchScreen.storyboard */; };
		5C22E5081D53C71E00D2828F /* RioTests.swift in Sources */ = {isa = PBXBuildFile; fileRef = 5C22E5071D53C71E00D2828F /* RioTests.swift */; };
		5C22E5131D53C9B100D2828F /* MainViewController.swift in Sources */ = {isa = PBXBuildFile; fileRef = 5C22E5121D53C9B100D2828F /* MainViewController.swift */; };
		5C22E5151D53DC0D00D2828F /* Person.swift in Sources */ = {isa = PBXBuildFile; fileRef = 5C22E5141D53DC0D00D2828F /* Person.swift */; };
		5C22E51C1D55F55500D2828F /* QuestionViewController.swift in Sources */ = {isa = PBXBuildFile; fileRef = 5C22E51B1D55F55500D2828F /* QuestionViewController.swift */; };
		5C22E5201D564F8000D2828F /* ResultViewController.swift in Sources */ = {isa = PBXBuildFile; fileRef = 5C22E51F1D564F8000D2828F /* ResultViewController.swift */; };
		5C8DC3DD1D57681A00A7785A /* Main.storyboard in Resources */ = {isa = PBXBuildFile; fileRef = 5C8DC3DB1D57681A00A7785A /* Main.storyboard */; };
/* End PBXBuildFile section */

/* Begin PBXContainerItemProxy section */
		5C22E5041D53C71E00D2828F /* PBXContainerItemProxy */ = {
			isa = PBXContainerItemProxy;
			containerPortal = 5C22E4E71D53C71D00D2828F /* Project object */;
			proxyType = 1;
			remoteGlobalIDString = 5C22E4EE1D53C71D00D2828F;
			remoteInfo = Rio;
		};
/* End PBXContainerItemProxy section */

/* Begin PBXFileReference section */
		0C6760CE2867D028ACF14C11 /* Pods_Rio.framework */ = {isa = PBXFileReference; explicitFileType = wrapper.framework; includeInIndex = 0; path = Pods_Rio.framework; sourceTree = BUILT_PRODUCTS_DIR; };
		13127E87A16037770E9C5896 /* Pods-Rio.release.xcconfig */ = {isa = PBXFileReference; includeInIndex = 1; lastKnownFileType = text.xcconfig; name = "Pods-Rio.release.xcconfig"; path = "Pods/Target Support Files/Pods-Rio/Pods-Rio.release.xcconfig"; sourceTree = "<group>"; };
		5C22E4EF1D53C71D00D2828F /* Rio.app */ = {isa = PBXFileReference; explicitFileType = wrapper.application; includeInIndex = 0; path = Rio.app; sourceTree = BUILT_PRODUCTS_DIR; };
		5C22E4F21D53C71E00D2828F /* AppDelegate.swift */ = {isa = PBXFileReference; lastKnownFileType = sourcecode.swift; path = AppDelegate.swift; sourceTree = "<group>"; };
		5C22E4F91D53C71E00D2828F /* Assets.xcassets */ = {isa = PBXFileReference; lastKnownFileType = folder.assetcatalog; path = Assets.xcassets; sourceTree = "<group>"; };
		5C22E4FC1D53C71E00D2828F /* Base */ = {isa = PBXFileReference; lastKnownFileType = file.storyboard; name = Base; path = Base.lproj/LaunchScreen.storyboard; sourceTree = "<group>"; };
		5C22E4FE1D53C71E00D2828F /* Info.plist */ = {isa = PBXFileReference; lastKnownFileType = text.plist.xml; path = Info.plist; sourceTree = "<group>"; };
		5C22E5031D53C71E00D2828F /* RioTests.xctest */ = {isa = PBXFileReference; explicitFileType = wrapper.cfbundle; includeInIndex = 0; path = RioTests.xctest; sourceTree = BUILT_PRODUCTS_DIR; };
		5C22E5071D53C71E00D2828F /* RioTests.swift */ = {isa = PBXFileReference; lastKnownFileType = sourcecode.swift; path = RioTests.swift; sourceTree = "<group>"; };
		5C22E5091D53C71E00D2828F /* Info.plist */ = {isa = PBXFileReference; lastKnownFileType = text.plist.xml; path = Info.plist; sourceTree = "<group>"; };
		5C22E5121D53C9B100D2828F /* MainViewController.swift */ = {isa = PBXFileReference; fileEncoding = 4; lastKnownFileType = sourcecode.swift; path = MainViewController.swift; sourceTree = "<group>"; };
		5C22E5141D53DC0D00D2828F /* Person.swift */ = {isa = PBXFileReference; fileEncoding = 4; lastKnownFileType = sourcecode.swift; path = Person.swift; sourceTree = "<group>"; };
		5C22E51B1D55F55500D2828F /* QuestionViewController.swift */ = {isa = PBXFileReference; fileEncoding = 4; lastKnownFileType = sourcecode.swift; path = QuestionViewController.swift; sourceTree = "<group>"; };
		5C22E51F1D564F8000D2828F /* ResultViewController.swift */ = {isa = PBXFileReference; fileEncoding = 4; lastKnownFileType = sourcecode.swift; path = ResultViewController.swift; sourceTree = "<group>"; };
		5C8DC3DC1D57681A00A7785A /* Base */ = {isa = PBXFileReference; lastKnownFileType = file.storyboard; name = Base; path = Base.lproj/Main.storyboard; sourceTree = "<group>"; };
		6D75AC2491A969B0CFE44742 /* Pods-Rio.debug.xcconfig */ = {isa = PBXFileReference; includeInIndex = 1; lastKnownFileType = text.xcconfig; name = "Pods-Rio.debug.xcconfig"; path = "Pods/Target Support Files/Pods-Rio/Pods-Rio.debug.xcconfig"; sourceTree = "<group>"; };
/* End PBXFileReference section */

/* Begin PBXFrameworksBuildPhase section */
		5C22E4EC1D53C71D00D2828F /* Frameworks */ = {
			isa = PBXFrameworksBuildPhase;
			buildActionMask = 2147483647;
			files = (
				2299FBEBD225321235DD3CDB /* Pods_Rio.framework in Frameworks */,
			);
			runOnlyForDeploymentPostprocessing = 0;
		};
		5C22E5001D53C71E00D2828F /* Frameworks */ = {
			isa = PBXFrameworksBuildPhase;
			buildActionMask = 2147483647;
			files = (
			);
			runOnlyForDeploymentPostprocessing = 0;
		};
/* End PBXFrameworksBuildPhase section */

/* Begin PBXGroup section */
		42216061A14A024916A7A49E /* Frameworks */ = {
			isa = PBXGroup;
			children = (
				0C6760CE2867D028ACF14C11 /* Pods_Rio.framework */,
			);
			name = Frameworks;
			sourceTree = "<group>";
		};
		5C22E4E61D53C71D00D2828F = {
			isa = PBXGroup;
			children = (
				5C22E4F11D53C71E00D2828F /* Rio */,
				5C22E5061D53C71E00D2828F /* RioTests */,
				5C22E4F01D53C71D00D2828F /* Products */,
				8764834EB70F772E224DF23C /* Pods */,
				42216061A14A024916A7A49E /* Frameworks */,
			);
			sourceTree = "<group>";
		};
		5C22E4F01D53C71D00D2828F /* Products */ = {
			isa = PBXGroup;
			children = (
				5C22E4EF1D53C71D00D2828F /* Rio.app */,
				5C22E5031D53C71E00D2828F /* RioTests.xctest */,
			);
			name = Products;
			sourceTree = "<group>";
		};
		5C22E4F11D53C71E00D2828F /* Rio */ = {
			isa = PBXGroup;
			children = (
				5C22E4F21D53C71E00D2828F /* AppDelegate.swift */,
				5C22E4F91D53C71E00D2828F /* Assets.xcassets */,
				5C22E4FB1D53C71E00D2828F /* LaunchScreen.storyboard */,
				5C8DC3DB1D57681A00A7785A /* Main.storyboard */,
				5C22E4FE1D53C71E00D2828F /* Info.plist */,
				5C22E5121D53C9B100D2828F /* MainViewController.swift */,
				5C22E5141D53DC0D00D2828F /* Person.swift */,
				5C22E51B1D55F55500D2828F /* QuestionViewController.swift */,
				5C22E51F1D564F8000D2828F /* ResultViewController.swift */,
			);
			path = Rio;
			sourceTree = "<group>";
		};
		5C22E5061D53C71E00D2828F /* RioTests */ = {
			isa = PBXGroup;
			children = (
				5C22E5071D53C71E00D2828F /* RioTests.swift */,
				5C22E5091D53C71E00D2828F /* Info.plist */,
			);
			path = RioTests;
			sourceTree = "<group>";
		};
		8764834EB70F772E224DF23C /* Pods */ = {
			isa = PBXGroup;
			children = (
				6D75AC2491A969B0CFE44742 /* Pods-Rio.debug.xcconfig */,
				13127E87A16037770E9C5896 /* Pods-Rio.release.xcconfig */,
			);
			name = Pods;
			sourceTree = "<group>";
		};
/* End PBXGroup section */

/* Begin PBXNativeTarget section */
		5C22E4EE1D53C71D00D2828F /* Rio */ = {
			isa = PBXNativeTarget;
			buildConfigurationList = 5C22E50C1D53C71E00D2828F /* Build configuration list for PBXNativeTarget "Rio" */;
			buildPhases = (
				34D6FE73470DE3BCCB7AF07B /* [CP] Check Pods Manifest.lock */,
				5C22E4EB1D53C71D00D2828F /* Sources */,
				5C22E4EC1D53C71D00D2828F /* Frameworks */,
				5C22E4ED1D53C71D00D2828F /* Resources */,
				B89FF8854F21ACFCA96B53F3 /* [CP] Embed Pods Frameworks */,
				64FF7284C87B7AAAE8C4AA49 /* [CP] Copy Pods Resources */,
			);
			buildRules = (
			);
			dependencies = (
			);
			name = Rio;
			productName = Rio;
			productReference = 5C22E4EF1D53C71D00D2828F /* Rio.app */;
			productType = "com.apple.product-type.application";
		};
		5C22E5021D53C71E00D2828F /* RioTests */ = {
			isa = PBXNativeTarget;
			buildConfigurationList = 5C22E50F1D53C71E00D2828F /* Build configuration list for PBXNativeTarget "RioTests" */;
			buildPhases = (
				5C22E4FF1D53C71E00D2828F /* Sources */,
				5C22E5001D53C71E00D2828F /* Frameworks */,
				5C22E5011D53C71E00D2828F /* Resources */,
			);
			buildRules = (
			);
			dependencies = (
				5C22E5051D53C71E00D2828F /* PBXTargetDependency */,
			);
			name = RioTests;
			productName = RioTests;
			productReference = 5C22E5031D53C71E00D2828F /* RioTests.xctest */;
			productType = "com.apple.product-type.bundle.unit-test";
		};
/* End PBXNativeTarget section */

/* Begin PBXProject section */
		5C22E4E71D53C71D00D2828F /* Project object */ = {
			isa = PBXProject;
			attributes = {
				LastSwiftUpdateCheck = 0730;
				LastUpgradeCheck = 0730;
				ORGANIZATIONNAME = Nursultan;
				TargetAttributes = {
					5C22E4EE1D53C71D00D2828F = {
						CreatedOnToolsVersion = 7.3.1;
						DevelopmentTeam = AB65P3C5XF;
					};
					5C22E5021D53C71E00D2828F = {
						CreatedOnToolsVersion = 7.3.1;
						DevelopmentTeam = AJ9VUL9SCJ;
						TestTargetID = 5C22E4EE1D53C71D00D2828F;
					};
				};
			};
			buildConfigurationList = 5C22E4EA1D53C71D00D2828F /* Build configuration list for PBXProject "Rio" */;
			compatibilityVersion = "Xcode 3.2";
			developmentRegion = English;
			hasScannedForEncodings = 0;
			knownRegions = (
				en,
				Base,
			);
			mainGroup = 5C22E4E61D53C71D00D2828F;
			productRefGroup = 5C22E4F01D53C71D00D2828F /* Products */;
			projectDirPath = "";
			projectRoot = "";
			targets = (
				5C22E4EE1D53C71D00D2828F /* Rio */,
				5C22E5021D53C71E00D2828F /* RioTests */,
			);
		};
/* End PBXProject section */

/* Begin PBXResourcesBuildPhase section */
		5C22E4ED1D53C71D00D2828F /* Resources */ = {
			isa = PBXResourcesBuildPhase;
			buildActionMask = 2147483647;
			files = (
				5C22E4FD1D53C71E00D2828F /* LaunchScreen.storyboard in Resources */,
				5C22E4FA1D53C71E00D2828F /* Assets.xcassets in Resources */,
				5C8DC3DD1D57681A00A7785A /* Main.storyboard in Resources */,
			);
			runOnlyForDeploymentPostprocessing = 0;
		};
		5C22E5011D53C71E00D2828F /* Resources */ = {
			isa = PBXResourcesBuildPhase;
			buildActionMask = 2147483647;
			files = (
			);
			runOnlyForDeploymentPostprocessing = 0;
		};
/* End PBXResourcesBuildPhase section */

/* Begin PBXShellScriptBuildPhase section */
		34D6FE73470DE3BCCB7AF07B /* [CP] Check Pods Manifest.lock */ = {
			isa = PBXShellScriptBuildPhase;
			buildActionMask = 2147483647;
			files = (
			);
			inputPaths = (
			);
			name = "[CP] Check Pods Manifest.lock";
			outputPaths = (
			);
			runOnlyForDeploymentPostprocessing = 0;
			shellPath = /bin/sh;
			shellScript = "diff \"${PODS_ROOT}/../Podfile.lock\" \"${PODS_ROOT}/Manifest.lock\" > /dev/null\nif [[ $? != 0 ]] ; then\n    cat << EOM\nerror: The sandbox is not in sync with the Podfile.lock. Run 'pod install' or update your CocoaPods installation.\nEOM\n    exit 1\nfi\n";
			showEnvVarsInLog = 0;
		};
		64FF7284C87B7AAAE8C4AA49 /* [CP] Copy Pods Resources */ = {
			isa = PBXShellScriptBuildPhase;
			buildActionMask = 2147483647;
			files = (
			);
			inputPaths = (
			);
			name = "[CP] Copy Pods Resources";
			outputPaths = (
			);
			runOnlyForDeploymentPostprocessing = 0;
			shellPath = /bin/sh;
			shellScript = "\"${SRCROOT}/Pods/Target Support Files/Pods-Rio/Pods-Rio-resources.sh\"\n";
			showEnvVarsInLog = 0;
		};
		B89FF8854F21ACFCA96B53F3 /* [CP] Embed Pods Frameworks */ = {
			isa = PBXShellScriptBuildPhase;
			buildActionMask = 2147483647;
			files = (
			);
			inputPaths = (
			);
			name = "[CP] Embed Pods Frameworks";
			outputPaths = (
			);
			runOnlyForDeploymentPostprocessing = 0;
			shellPath = /bin/sh;
			shellScript = "\"${SRCROOT}/Pods/Target Support Files/Pods-Rio/Pods-Rio-frameworks.sh\"\n";
			showEnvVarsInLog = 0;
		};
/* End PBXShellScriptBuildPhase section */

/* Begin PBXSourcesBuildPhase section */
		5C22E4EB1D53C71D00D2828F /* Sources */ = {
			isa = PBXSourcesBuildPhase;
			buildActionMask = 2147483647;
			files = (
				5C22E5201D564F8000D2828F /* ResultViewController.swift in Sources */,
				5C22E5151D53DC0D00D2828F /* Person.swift in Sources */,
				5C22E4F31D53C71E00D2828F /* AppDelegate.swift in Sources */,
				5C22E51C1D55F55500D2828F /* QuestionViewController.swift in Sources */,
				5C22E5131D53C9B100D2828F /* MainViewController.swift in Sources */,
			);
			runOnlyForDeploymentPostprocessing = 0;
		};
		5C22E4FF1D53C71E00D2828F /* Sources */ = {
			isa = PBXSourcesBuildPhase;
			buildActionMask = 2147483647;
			files = (
				5C22E5081D53C71E00D2828F /* RioTests.swift in Sources */,
			);
			runOnlyForDeploymentPostprocessing = 0;
		};
/* End PBXSourcesBuildPhase section */

/* Begin PBXTargetDependency section */
		5C22E5051D53C71E00D2828F /* PBXTargetDependency */ = {
			isa = PBXTargetDependency;
			target = 5C22E4EE1D53C71D00D2828F /* Rio */;
			targetProxy = 5C22E5041D53C71E00D2828F /* PBXContainerItemProxy */;
		};
/* End PBXTargetDependency section */

/* Begin PBXVariantGroup section */
		5C22E4FB1D53C71E00D2828F /* LaunchScreen.storyboard */ = {
			isa = PBXVariantGroup;
			children = (
				5C22E4FC1D53C71E00D2828F /* Base */,
			);
			name = LaunchScreen.storyboard;
			sourceTree = "<group>";
		};
		5C8DC3DB1D57681A00A7785A /* Main.storyboard */ = {
			isa = PBXVariantGroup;
			children = (
				5C8DC3DC1D57681A00A7785A /* Base */,
			);
			name = Main.storyboard;
			sourceTree = "<group>";
		};
/* End PBXVariantGroup section */

/* Begin XCBuildConfiguration section */
		5C22E50A1D53C71E00D2828F /* Debug */ = {
			isa = XCBuildConfiguration;
			buildSettings = {
				ALWAYS_SEARCH_USER_PATHS = NO;
				CLANG_ANALYZER_NONNULL = YES;
				CLANG_CXX_LANGUAGE_STANDARD = "gnu++0x";
				CLANG_CXX_LIBRARY = "libc++";
				CLANG_ENABLE_MODULES = YES;
				CLANG_ENABLE_OBJC_ARC = YES;
				CLANG_WARN_BOOL_CONVERSION = YES;
				CLANG_WARN_CONSTANT_CONVERSION = YES;
				CLANG_WARN_DIRECT_OBJC_ISA_USAGE = YES_ERROR;
				CLANG_WARN_EMPTY_BODY = YES;
				CLANG_WARN_ENUM_CONVERSION = YES;
				CLANG_WARN_INT_CONVERSION = YES;
				CLANG_WARN_OBJC_ROOT_CLASS = YES_ERROR;
				CLANG_WARN_UNREACHABLE_CODE = YES;
				CLANG_WARN__DUPLICATE_METHOD_MATCH = YES;
				"CODE_SIGN_IDENTITY[sdk=iphoneos*]" = "iPhone Developer";
				COPY_PHASE_STRIP = NO;
				DEBUG_INFORMATION_FORMAT = dwarf;
				ENABLE_STRICT_OBJC_MSGSEND = YES;
				ENABLE_TESTABILITY = YES;
				GCC_C_LANGUAGE_STANDARD = gnu99;
				GCC_DYNAMIC_NO_PIC = NO;
				GCC_NO_COMMON_BLOCKS = YES;
				GCC_OPTIMIZATION_LEVEL = 0;
				GCC_PREPROCESSOR_DEFINITIONS = (
					"DEBUG=1",
					"$(inherited)",
				);
				GCC_WARN_64_TO_32_BIT_CONVERSION = YES;
				GCC_WARN_ABOUT_RETURN_TYPE = YES_ERROR;
				GCC_WARN_UNDECLARED_SELECTOR = YES;
				GCC_WARN_UNINITIALIZED_AUTOS = YES_AGGRESSIVE;
				GCC_WARN_UNUSED_FUNCTION = YES;
				GCC_WARN_UNUSED_VARIABLE = YES;
				IPHONEOS_DEPLOYMENT_TARGET = 9.3;
				MTL_ENABLE_DEBUG_INFO = YES;
				ONLY_ACTIVE_ARCH = YES;
				SDKROOT = iphoneos;
				SWIFT_OPTIMIZATION_LEVEL = "-Onone";
				TARGETED_DEVICE_FAMILY = "1,2";
			};
			name = Debug;
		};
		5C22E50B1D53C71E00D2828F /* Release */ = {
			isa = XCBuildConfiguration;
			buildSettings = {
				ALWAYS_SEARCH_USER_PATHS = NO;
				CLANG_ANALYZER_NONNULL = YES;
				CLANG_CXX_LANGUAGE_STANDARD = "gnu++0x";
				CLANG_CXX_LIBRARY = "libc++";
				CLANG_ENABLE_MODULES = YES;
				CLANG_ENABLE_OBJC_ARC = YES;
				CLANG_WARN_BOOL_CONVERSION = YES;
				CLANG_WARN_CONSTANT_CONVERSION = YES;
				CLANG_WARN_DIRECT_OBJC_ISA_USAGE = YES_ERROR;
				CLANG_WARN_EMPTY_BODY = YES;
				CLANG_WARN_ENUM_CONVERSION = YES;
				CLANG_WARN_INT_CONVERSION = YES;
				CLANG_WARN_OBJC_ROOT_CLASS = YES_ERROR;
				CLANG_WARN_UNREACHABLE_CODE = YES;
				CLANG_WARN__DUPLICATE_METHOD_MATCH = YES;
				"CODE_SIGN_IDENTITY[sdk=iphoneos*]" = "iPhone Developer";
				COPY_PHASE_STRIP = NO;
				DEBUG_INFORMATION_FORMAT = "dwarf-with-dsym";
				ENABLE_NS_ASSERTIONS = NO;
				ENABLE_STRICT_OBJC_MSGSEND = YES;
				GCC_C_LANGUAGE_STANDARD = gnu99;
				GCC_NO_COMMON_BLOCKS = YES;
				GCC_WARN_64_TO_32_BIT_CONVERSION = YES;
				GCC_WARN_ABOUT_RETURN_TYPE = YES_ERROR;
				GCC_WARN_UNDECLARED_SELECTOR = YES;
				GCC_WARN_UNINITIALIZED_AUTOS = YES_AGGRESSIVE;
				GCC_WARN_UNUSED_FUNCTION = YES;
				GCC_WARN_UNUSED_VARIABLE = YES;
				IPHONEOS_DEPLOYMENT_TARGET = 9.3;
				MTL_ENABLE_DEBUG_INFO = NO;
				SDKROOT = iphoneos;
				TARGETED_DEVICE_FAMILY = "1,2";
				VALIDATE_PRODUCT = YES;
			};
			name = Release;
		};
		5C22E50D1D53C71E00D2828F /* Debug */ = {
			isa = XCBuildConfiguration;
			baseConfigurationReference = 6D75AC2491A969B0CFE44742 /* Pods-Rio.debug.xcconfig */;
			buildSettings = {
				ASSETCATALOG_COMPILER_APPICON_NAME = AppIcon;
				CODE_SIGN_IDENTITY = "iPhone Developer";
				"CODE_SIGN_IDENTITY[sdk=iphoneos*]" = "iPhone Developer";
				INFOPLIST_FILE = Rio/Info.plist;
				IPHONEOS_DEPLOYMENT_TARGET = 9.0;
				LD_RUNPATH_SEARCH_PATHS = "$(inherited) @executable_path/Frameworks";
				PRODUCT_BUNDLE_IDENTIFIER = com.loplop.Rio2;
				PRODUCT_NAME = "$(TARGET_NAME)";
				PROVISIONING_PROFILE = "";
				TARGETED_DEVICE_FAMILY = 1;
			};
			name = Debug;
		};
		5C22E50E1D53C71E00D2828F /* Release */ = {
			isa = XCBuildConfiguration;
			baseConfigurationReference = 13127E87A16037770E9C5896 /* Pods-Rio.release.xcconfig */;
			buildSettings = {
				ASSETCATALOG_COMPILER_APPICON_NAME = AppIcon;
				CODE_SIGN_IDENTITY = "iPhone Developer";
				"CODE_SIGN_IDENTITY[sdk=iphoneos*]" = "iPhone Developer";
				INFOPLIST_FILE = Rio/Info.plist;
				IPHONEOS_DEPLOYMENT_TARGET = 9.0;
				LD_RUNPATH_SEARCH_PATHS = "$(inherited) @executable_path/Frameworks";
				PRODUCT_BUNDLE_IDENTIFIER = com.loplop.Rio2;
				PRODUCT_NAME = "$(TARGET_NAME)";
				PROVISIONING_PROFILE = "";
				TARGETED_DEVICE_FAMILY = 1;
			};
			name = Release;
		};
		5C22E5101D53C71E00D2828F /* Debug */ = {
			isa = XCBuildConfiguration;
			buildSettings = {
				BUNDLE_LOADER = "$(TEST_HOST)";
				INFOPLIST_FILE = RioTests/Info.plist;
				LD_RUNPATH_SEARCH_PATHS = "$(inherited) @executable_path/Frameworks @loader_path/Frameworks";
				PRODUCT_BUNDLE_IDENTIFIER = loplop.RioTests;
				PRODUCT_NAME = "$(TARGET_NAME)";
				TEST_HOST = "$(BUILT_PRODUCTS_DIR)/Rio.app/Rio";
			};
			name = Debug;
		};
		5C22E5111D53C71E00D2828F /* Release */ = {
			isa = XCBuildConfiguration;
			buildSettings = {
				BUNDLE_LOADER = "$(TEST_HOST)";
				INFOPLIST_FILE = RioTests/Info.plist;
				LD_RUNPATH_SEARCH_PATHS = "$(inherited) @executable_path/Frameworks @loader_path/Frameworks";
				PRODUCT_BUNDLE_IDENTIFIER = loplop.RioTests;
				PRODUCT_NAME = "$(TARGET_NAME)";
				TEST_HOST = "$(BUILT_PRODUCTS_DIR)/Rio.app/Rio";
			};
			name = Release;
		};
/* End XCBuildConfiguration section */

/* Begin XCConfigurationList section */
		5C22E4EA1D53C71D00D2828F /* Build configuration list for PBXProject "Rio" */ = {
			isa = XCConfigurationList;
			buildConfigurations = (
				5C22E50A1D53C71E00D2828F /* Debug */,
				5C22E50B1D53C71E00D2828F /* Release */,
			);
			defaultConfigurationIsVisible = 0;
			defaultConfigurationName = Release;
		};
		5C22E50C1D53C71E00D2828F /* Build configuration list for PBXNativeTarget "Rio" */ = {
			isa = XCConfigurationList;
			buildConfigurations = (
				5C22E50D1D53C71E00D2828F /* Debug */,
				5C22E50E1D53C71E00D2828F /* Release */,
			);
			defaultConfigurationIsVisible = 0;
			defaultConfigurationName = Release;
		};
		5C22E50F1D53C71E00D2828F /* Build configuration list for PBXNativeTarget "RioTests" */ = {
			isa = XCConfigurationList;
			buildConfigurations = (
				5C22E5101D53C71E00D2828F /* Debug */,
				5C22E5111D53C71E00D2828F /* Release */,
			);
			defaultConfigurationIsVisible = 0;
			defaultConfigurationName = Release;
		};
/* End XCConfigurationList section */
	};
	rootObject = 5C22E4E71D53C71D00D2828F /* Project object */;
}
